
Microsoft Visual Studio Solution File, Format Version 12.00
# Visual Studio Version 16
VisualStudioVersion = 16.0.30011.22
MinimumVisualStudioVersion = 10.0.40219.1
Project("{8BC9CEB8-8B4A-11D0-8D11-00A0C91BC942}") = "ConsoleApplication1", "ConsoleApplication1\ConsoleApplication1.vcxproj", "{14D35BCE-6FFE-4100-8430-FB8DF9585485}"
EndProject
Project("{8BC9CEB8-8B4A-11D0-8D11-00A0C91BC942}") = "2", "2\2.vcxproj", "{F77E0FE3-190E-4B3D-B013-96B0FBD3B917}"
EndProject
Project("{8BC9CEB8-8B4A-11D0-8D11-00A0C91BC942}") = "3", "3\3.vcxproj", "{2EFB7583-ACD0-42A7-86CC-D34C1CF6AC7F}"
EndProject
Project("{8BC9CEB8-8B4A-11D0-8D11-00A0C91BC942}") = "4", "4\4.vcxproj", "{479C5A0D-995E-44FD-ADC9-6F9C88AB07FA}"
EndProject
Project("{8BC9CEB8-8B4A-11D0-8D11-00A0C91BC942}") = "5", "5\5.vcxproj", "{2028F216-D7A6-4AB3-AF88-0A06C10DA60F}"
EndProject
Project("{8BC9CEB8-8B4A-11D0-8D11-00A0C91BC942}") = "6", "6\6.vcxproj", "{942C53EF-2BB4-4289-8E8B-132C29D95ED6}"
EndProject
Project("{8BC9CEB8-8B4A-11D0-8D11-00A0C91BC942}") = "7", "7\7.vcxproj", "{8B82BA3B-FCD0-4118-8584-C04FB218E146}"
EndProject
Project("{8BC9CEB8-8B4A-11D0-8D11-00A0C91BC942}") = "8", "8\8.vcxproj", "{DBBB5141-1AE1-416A-860C-55FE20847AD9}"
EndProject
Project("{8BC9CEB8-8B4A-11D0-8D11-00A0C91BC942}") = "9", "9\9.vcxproj", "{FE8D606F-277D-4217-9023-3C4D420F6D13}"
EndProject
Project("{8BC9CEB8-8B4A-11D0-8D11-00A0C91BC942}") = "10", "10\10.vcxproj", "{3CC75E6D-CE38-4462-A62A-E3C2A931A88A}"
EndProject
Global
	GlobalSection(SolutionConfigurationPlatforms) = preSolution
		Debug|x64 = Debug|x64
		Debug|x86 = Debug|x86
		Release|x64 = Release|x64
		Release|x86 = Release|x86
	EndGlobalSection
	GlobalSection(ProjectConfigurationPlatforms) = postSolution
		{14D35BCE-6FFE-4100-8430-FB8DF9585485}.Debug|x64.ActiveCfg = Debug|x64
		{14D35BCE-6FFE-4100-8430-FB8DF9585485}.Debug|x64.Build.0 = Debug|x64
		{14D35BCE-6FFE-4100-8430-FB8DF9585485}.Debug|x86.ActiveCfg = Debug|Win32
		{14D35BCE-6FFE-4100-8430-FB8DF9585485}.Debug|x86.Build.0 = Debug|Win32
		{14D35BCE-6FFE-4100-8430-FB8DF9585485}.Release|x64.ActiveCfg = Release|x64
		{14D35BCE-6FFE-4100-8430-FB8DF9585485}.Release|x64.Build.0 = Release|x64
		{14D35BCE-6FFE-4100-8430-FB8DF9585485}.Release|x86.ActiveCfg = Release|Win32
		{14D35BCE-6FFE-4100-8430-FB8DF9585485}.Release|x86.Build.0 = Release|Win32
		{F77E0FE3-190E-4B3D-B013-96B0FBD3B917}.Debug|x64.ActiveCfg = Debug|x64
		{F77E0FE3-190E-4B3D-B013-96B0FBD3B917}.Debug|x64.Build.0 = Debug|x64
		{F77E0FE3-190E-4B3D-B013-96B0FBD3B917}.Debug|x86.ActiveCfg = Debug|Win32
		{F77E0FE3-190E-4B3D-B013-96B0FBD3B917}.Debug|x86.Build.0 = Debug|Win32
		{F77E0FE3-190E-4B3D-B013-96B0FBD3B917}.Release|x64.ActiveCfg = Release|x64
		{F77E0FE3-190E-4B3D-B013-96B0FBD3B917}.Release|x64.Build.0 = Release|x64
		{F77E0FE3-190E-4B3D-B013-96B0FBD3B917}.Release|x86.ActiveCfg = Release|Win32
		{F77E0FE3-190E-4B3D-B013-96B0FBD3B917}.Release|x86.Build.0 = Release|Win32
		{2EFB7583-ACD0-42A7-86CC-D34C1CF6AC7F}.Debug|x64.ActiveCfg = Debug|x64
		{2EFB7583-ACD0-42A7-86CC-D34C1CF6AC7F}.Debug|x64.Build.0 = Debug|x64
		{2EFB7583-ACD0-42A7-86CC-D34C1CF6AC7F}.Debug|x86.ActiveCfg = Debug|Win32
		{2EFB7583-ACD0-42A7-86CC-D34C1CF6AC7F}.Debug|x86.Build.0 = Debug|Win32
		{2EFB7583-ACD0-42A7-86CC-D34C1CF6AC7F}.Release|x64.ActiveCfg = Release|x64
		{2EFB7583-ACD0-42A7-86CC-D34C1CF6AC7F}.Release|x64.Build.0 = Release|x64
		{2EFB7583-ACD0-42A7-86CC-D34C1CF6AC7F}.Release|x86.ActiveCfg = Release|Win32
		{2EFB7583-ACD0-42A7-86CC-D34C1CF6AC7F}.Release|x86.Build.0 = Release|Win32
		{479C5A0D-995E-44FD-ADC9-6F9C88AB07FA}.Debug|x64.ActiveCfg = Debug|x64
		{479C5A0D-995E-44FD-ADC9-6F9C88AB07FA}.Debug|x64.Build.0 = Debug|x64
		{479C5A0D-995E-44FD-ADC9-6F9C88AB07FA}.Debug|x86.ActiveCfg = Debug|Win32
		{479C5A0D-995E-44FD-ADC9-6F9C88AB07FA}.Debug|x86.Build.0 = Debug|Win32
		{479C5A0D-995E-44FD-ADC9-6F9C88AB07FA}.Release|x64.ActiveCfg = Release|x64
		{479C5A0D-995E-44FD-ADC9-6F9C88AB07FA}.Release|x64.Build.0 = Release|x64
		{479C5A0D-995E-44FD-ADC9-6F9C88AB07FA}.Release|x86.ActiveCfg = Release|Win32
		{479C5A0D-995E-44FD-ADC9-6F9C88AB07FA}.Release|x86.Build.0 = Release|Win32
		{2028F216-D7A6-4AB3-AF88-0A06C10DA60F}.Debug|x64.ActiveCfg = Debug|x64
		{2028F216-D7A6-4AB3-AF88-0A06C10DA60F}.Debug|x64.Build.0 = Debug|x64
		{2028F216-D7A6-4AB3-AF88-0A06C10DA60F}.Debug|x86.ActiveCfg = Debug|Win32
		{2028F216-D7A6-4AB3-AF88-0A06C10DA60F}.Debug|x86.Build.0 = Debug|Win32
		{2028F216-D7A6-4AB3-AF88-0A06C10DA60F}.Release|x64.ActiveCfg = Release|x64
		{2028F216-D7A6-4AB3-AF88-0A06C10DA60F}.Release|x64.Build.0 = Release|x64
		{2028F216-D7A6-4AB3-AF88-0A06C10DA60F}.Release|x86.ActiveCfg = Release|Win32
		{2028F216-D7A6-4AB3-AF88-0A06C10DA60F}.Release|x86.Build.0 = Release|Win32
		{942C53EF-2BB4-4289-8E8B-132C29D95ED6}.Debug|x64.ActiveCfg = Debug|x64
		{942C53EF-2BB4-4289-8E8B-132C29D95ED6}.Debug|x64.Build.0 = Debug|x64
		{942C53EF-2BB4-4289-8E8B-132C29D95ED6}.Debug|x86.ActiveCfg = Debug|Win32
		{942C53EF-2BB4-4289-8E8B-132C29D95ED6}.Debug|x86.Build.0 = Debug|Win32
		{942C53EF-2BB4-4289-8E8B-132C29D95ED6}.Release|x64.ActiveCfg = Release|x64
		{942C53EF-2BB4-4289-8E8B-132C29D95ED6}.Release|x64.Build.0 = Release|x64
		{942C53EF-2BB4-4289-8E8B-132C29D95ED6}.Release|x86.ActiveCfg = Release|Win32
		{942C53EF-2BB4-4289-8E8B-132C29D95ED6}.Release|x86.Build.0 = Release|Win32
		{8B82BA3B-FCD0-4118-8584-C04FB218E146}.Debug|x64.ActiveCfg = Debug|x64
		{8B82BA3B-FCD0-4118-8584-C04FB218E146}.Debug|x64.Build.0 = Debug|x64
		{8B82BA3B-FCD0-4118-8584-C04FB218E146}.Debug|x86.ActiveCfg = Debug|Win32
		{8B82BA3B-FCD0-4118-8584-C04FB218E146}.Debug|x86.Build.0 = Debug|Win32
		{8B82BA3B-FCD0-4118-8584-C04FB218E146}.Release|x64.ActiveCfg = Release|x64
		{8B82BA3B-FCD0-4118-8584-C04FB218E146}.Release|x64.Build.0 = Release|x64
		{8B82BA3B-FCD0-4118-8584-C04FB218E146}.Release|x86.ActiveCfg = Release|Win32
		{8B82BA3B-FCD0-4118-8584-C04FB218E146}.Release|x86.Build.0 = Release|Win32
		{DBBB5141-1AE1-416A-860C-55FE20847AD9}.Debug|x64.ActiveCfg = Debug|x64
		{DBBB5141-1AE1-416A-860C-55FE20847AD9}.Debug|x64.Build.0 = Debug|x64
		{DBBB5141-1AE1-416A-860C-55FE20847AD9}.Debug|x86.ActiveCfg = Debug|Win32
		{DBBB5141-1AE1-416A-860C-55FE20847AD9}.Debug|x86.Build.0 = Debug|Win32
		{DBBB5141-1AE1-416A-860C-55FE20847AD9}.Release|x64.ActiveCfg = Release|x64
		{DBBB5141-1AE1-416A-860C-55FE20847AD9}.Release|x64.Build.0 = Release|x64
		{DBBB5141-1AE1-416A-860C-55FE20847AD9}.Release|x86.ActiveCfg = Release|Win32
		{DBBB5141-1AE1-416A-860C-55FE20847AD9}.Release|x86.Build.0 = Release|Win32
		{FE8D606F-277D-4217-9023-3C4D420F6D13}.Debug|x64.ActiveCfg = Debug|x64
		{FE8D606F-277D-4217-9023-3C4D420F6D13}.Debug|x64.Build.0 = Debug|x64
		{FE8D606F-277D-4217-9023-3C4D420F6D13}.Debug|x86.ActiveCfg = Debug|Win32
		{FE8D606F-277D-4217-9023-3C4D420F6D13}.Debug|x86.Build.0 = Debug|Win32
		{FE8D606F-277D-4217-9023-3C4D420F6D13}.Release|x64.ActiveCfg = Release|x64
		{FE8D606F-277D-4217-9023-3C4D420F6D13}.Release|x64.Build.0 = Release|x64
		{FE8D606F-277D-4217-9023-3C4D420F6D13}.Release|x86.ActiveCfg = Release|Win32
		{FE8D606F-277D-4217-9023-3C4D420F6D13}.Release|x86.Build.0 = Release|Win32
		{3CC75E6D-CE38-4462-A62A-E3C2A931A88A}.Debug|x64.ActiveCfg = Debug|x64
		{3CC75E6D-CE38-4462-A62A-E3C2A931A88A}.Debug|x64.Build.0 = Debug|x64
		{3CC75E6D-CE38-4462-A62A-E3C2A931A88A}.Debug|x86.ActiveCfg = Debug|Win32
		{3CC75E6D-CE38-4462-A62A-E3C2A931A88A}.Debug|x86.Build.0 = Debug|Win32
		{3CC75E6D-CE38-4462-A62A-E3C2A931A88A}.Release|x64.ActiveCfg = Release|x64
		{3CC75E6D-CE38-4462-A62A-E3C2A931A88A}.Release|x64.Build.0 = Release|x64
		{3CC75E6D-CE38-4462-A62A-E3C2A931A88A}.Release|x86.ActiveCfg = Release|Win32
		{3CC75E6D-CE38-4462-A62A-E3C2A931A88A}.Release|x86.Build.0 = Release|Win32
	EndGlobalSection
	GlobalSection(SolutionProperties) = preSolution
		HideSolutionNode = FALSE
	EndGlobalSection
	GlobalSection(ExtensibilityGlobals) = postSolution
		SolutionGuid = {814C0931-239D-4747-9148-0696A1315F96}
	EndGlobalSection
EndGlobal
